
Microsoft Visual Studio Solution File, Format Version 12.00
# Visual Studio Version 17
VisualStudioVersion = 17.5.33516.290
MinimumVisualStudioVersion = 10.0.40219.1
Project("{FAE04EC0-301F-11D3-BF4B-00C04F79EFBC}") = "EfficiencyPack_2022", "EfficiencyPack\EfficiencyPack_2022.csproj", "{27C116F9-2985-4370-A5A1-C798AAE53410}"
EndProject
Project("{54435603-DBB4-11D2-8724-00A0C9A8B90C}") = "EfficiencyPackInstaller", "EfficiencyPackInstaller\EfficiencyPackInstaller.vdproj", "{7596584E-28D2-4843-A9DC-085021DA3531}"
EndProject
Project("{D954291E-2A0B-460D-934E-DC6B0785DB48}") = "EfficiencyPack", "EfficiencyPack_Shared\EfficiencyPack.shproj", "{60ECF21E-4E3D-4BB1-875C-38C8574055F8}"
EndProject
Project("{FAE04EC0-301F-11D3-BF4B-00C04F79EFBC}") = "EfficiencyPack_2024", "EfficiencyPack_2024\EfficiencyPack_2024.csproj", "{F0A7F46B-FB4E-44AF-AE7F-1B29BAA3ABAF}"
EndProject
Project("{FAE04EC0-301F-11D3-BF4B-00C04F79EFBC}") = "EfficiencyPack_Resources", "EfficiencyPack_Resources\EfficiencyPack_Resources.csproj", "{CADECC70-238C-415F-9494-8EF55B70B7DB}"
EndProject
Project("{FAE04EC0-301F-11D3-BF4B-00C04F79EFBC}") = "EfficiencyPack_2023", "EfficiencyPack_2023\EfficiencyPack_2023.csproj", "{B6ED6988-DBF0-4560-BF25-886CE60B4286}"
EndProject
Project("{888888A0-9F3D-457C-B088-3A5042F75D52}") = "PythonApplication1", "PythonApplication1\PythonApplication1.pyproj", "{354CB5E7-2834-4272-B11D-F57B900F0E2F}"
EndProject
Global
	GlobalSection(SolutionConfigurationPlatforms) = preSolution
		Debug|Any CPU = Debug|Any CPU
		Release|Any CPU = Release|Any CPU
	EndGlobalSection
	GlobalSection(ProjectConfigurationPlatforms) = postSolution
		{27C116F9-2985-4370-A5A1-C798AAE53410}.Debug|Any CPU.ActiveCfg = Debug|Any CPU
		{27C116F9-2985-4370-A5A1-C798AAE53410}.Debug|Any CPU.Build.0 = Debug|Any CPU
		{27C116F9-2985-4370-A5A1-C798AAE53410}.Release|Any CPU.ActiveCfg = Release|Any CPU
		{27C116F9-2985-4370-A5A1-C798AAE53410}.Release|Any CPU.Build.0 = Release|Any CPU
		{7596584E-28D2-4843-A9DC-085021DA3531}.Debug|Any CPU.ActiveCfg = Debug
		{7596584E-28D2-4843-A9DC-085021DA3531}.Debug|Any CPU.Build.0 = Debug
		{7596584E-28D2-4843-A9DC-085021DA3531}.Release|Any CPU.ActiveCfg = Release
		{F0A7F46B-FB4E-44AF-AE7F-1B29BAA3ABAF}.Debug|Any CPU.ActiveCfg = Debug|Any CPU
		{F0A7F46B-FB4E-44AF-AE7F-1B29BAA3ABAF}.Debug|Any CPU.Build.0 = Debug|Any CPU
		{F0A7F46B-FB4E-44AF-AE7F-1B29BAA3ABAF}.Release|Any CPU.ActiveCfg = Release|Any CPU
		{F0A7F46B-FB4E-44AF-AE7F-1B29BAA3ABAF}.Release|Any CPU.Build.0 = Release|Any CPU
		{CADECC70-238C-415F-9494-8EF55B70B7DB}.Debug|Any CPU.ActiveCfg = Debug|Any CPU
		{CADECC70-238C-415F-9494-8EF55B70B7DB}.Debug|Any CPU.Build.0 = Debug|Any CPU
		{CADECC70-238C-415F-9494-8EF55B70B7DB}.Release|Any CPU.ActiveCfg = Release|Any CPU
		{CADECC70-238C-415F-9494-8EF55B70B7DB}.Release|Any CPU.Build.0 = Release|Any CPU
		{B6ED6988-DBF0-4560-BF25-886CE60B4286}.Debug|Any CPU.ActiveCfg = Debug|Any CPU
		{B6ED6988-DBF0-4560-BF25-886CE60B4286}.Debug|Any CPU.Build.0 = Debug|Any CPU
		{B6ED6988-DBF0-4560-BF25-886CE60B4286}.Release|Any CPU.ActiveCfg = Release|Any CPU
		{B6ED6988-DBF0-4560-BF25-886CE60B4286}.Release|Any CPU.Build.0 = Release|Any CPU
		{354CB5E7-2834-4272-B11D-F57B900F0E2F}.Debug|Any CPU.ActiveCfg = Debug|Any CPU
		{354CB5E7-2834-4272-B11D-F57B900F0E2F}.Release|Any CPU.ActiveCfg = Release|Any CPU
	EndGlobalSection
	GlobalSection(SolutionProperties) = preSolution
		HideSolutionNode = FALSE
	EndGlobalSection
	GlobalSection(ExtensibilityGlobals) = postSolution
		SolutionGuid = {879DF85E-6272-48B3-A8DD-84984D72FE1B}
	EndGlobalSection
	GlobalSection(SharedMSBuildProjectFiles) = preSolution
		EfficiencyPack_Shared\EfficiencyPack_Shared.projitems*{27c116f9-2985-4370-a5a1-c798aae53410}*SharedItemsImports = 4
		EfficiencyPack_Shared\EfficiencyPack_Shared.projitems*{60ecf21e-4e3d-4bb1-875c-38c8574055f8}*SharedItemsImports = 13
		EfficiencyPack_Shared\EfficiencyPack_Shared.projitems*{b6ed6988-dbf0-4560-bf25-886ce60b4286}*SharedItemsImports = 4
		EfficiencyPack_Shared\EfficiencyPack_Shared.projitems*{f0a7f46b-fb4e-44af-ae7f-1b29baa3abaf}*SharedItemsImports = 4
	EndGlobalSection
EndGlobal
